
Microsoft Visual Studio Solution File, Format Version 12.00
# Visual Studio 15
VisualStudioVersion = 15.0.27428.2037
MinimumVisualStudioVersion = 10.0.40219.1
Project("{FAE04EC0-301F-11D3-BF4B-00C04F79EFBC}") = "AsteroidLib", "AsteroidLib\AsteroidLib.csproj", "{151FB06A-715B-4B62-B25F-2A7E2A191F6E}"
EndProject
Global
	GlobalSection(SolutionConfigurationPlatforms) = preSolution
		Debug|Any CPU = Debug|Any CPU
		Release|Any CPU = Release|Any CPU
	EndGlobalSection
	GlobalSection(ProjectConfigurationPlatforms) = postSolution
		{151FB06A-715B-4B62-B25F-2A7E2A191F6E}.Debug|Any CPU.ActiveCfg = Debug|Any CPU
		{151FB06A-715B-4B62-B25F-2A7E2A191F6E}.Debug|Any CPU.Build.0 = Debug|Any CPU
		{151FB06A-715B-4B62-B25F-2A7E2A191F6E}.Release|Any CPU.ActiveCfg = Release|Any CPU
		{151FB06A-715B-4B62-B25F-2A7E2A191F6E}.Release|Any CPU.Build.0 = Release|Any CPU
	EndGlobalSection
	GlobalSection(SolutionProperties) = preSolution
		HideSolutionNode = FALSE
	EndGlobalSection
	GlobalSection(ExtensibilityGlobals) = postSolution
		SolutionGuid = {3B3179B9-F9DC-4770-A522-6474D22BF247}
	EndGlobalSection
EndGlobal
